
Microsoft Visual Studio Solution File, Format Version 12.00
# Visual Studio Version 16
VisualStudioVersion = 16.0.30517.126
MinimumVisualStudioVersion = 10.0.40219.1
Project("{9A19103F-16F7-4668-BE54-9A1E7A4F7556}") = "API.BasicPolly", "API.BasicPolly\API.BasicPolly.csproj", "{6B65CA5F-4883-481B-9C99-F87F122A65EF}"
EndProject
Project("{FAE04EC0-301F-11D3-BF4B-00C04F79EFBC}") = "API.IntegratedPolly", "API.IntegratedPolly\API.IntegratedPolly.csproj", "{4A80D0D9-BD47-4B97-91E8-973CE47A663F}"
EndProject
Project("{FAE04EC0-301F-11D3-BF4B-00C04F79EFBC}") = "API.IntegratedPollyClient", "API.IntegratedPollyClient\API.IntegratedPollyClient.csproj", "{C904F681-5DC5-4999-9693-13159CC9C4C2}"
EndProject
Global
	GlobalSection(SolutionConfigurationPlatforms) = preSolution
		Debug|Any CPU = Debug|Any CPU
		Release|Any CPU = Release|Any CPU
	EndGlobalSection
	GlobalSection(ProjectConfigurationPlatforms) = postSolution
		{6B65CA5F-4883-481B-9C99-F87F122A65EF}.Debug|Any CPU.ActiveCfg = Debug|Any CPU
		{6B65CA5F-4883-481B-9C99-F87F122A65EF}.Debug|Any CPU.Build.0 = Debug|Any CPU
		{6B65CA5F-4883-481B-9C99-F87F122A65EF}.Release|Any CPU.ActiveCfg = Release|Any CPU
		{6B65CA5F-4883-481B-9C99-F87F122A65EF}.Release|Any CPU.Build.0 = Release|Any CPU
		{4A80D0D9-BD47-4B97-91E8-973CE47A663F}.Debug|Any CPU.ActiveCfg = Debug|Any CPU
		{4A80D0D9-BD47-4B97-91E8-973CE47A663F}.Debug|Any CPU.Build.0 = Debug|Any CPU
		{4A80D0D9-BD47-4B97-91E8-973CE47A663F}.Release|Any CPU.ActiveCfg = Release|Any CPU
		{4A80D0D9-BD47-4B97-91E8-973CE47A663F}.Release|Any CPU.Build.0 = Release|Any CPU
		{C904F681-5DC5-4999-9693-13159CC9C4C2}.Debug|Any CPU.ActiveCfg = Debug|Any CPU
		{C904F681-5DC5-4999-9693-13159CC9C4C2}.Debug|Any CPU.Build.0 = Debug|Any CPU
		{C904F681-5DC5-4999-9693-13159CC9C4C2}.Release|Any CPU.ActiveCfg = Release|Any CPU
		{C904F681-5DC5-4999-9693-13159CC9C4C2}.Release|Any CPU.Build.0 = Release|Any CPU
	EndGlobalSection
	GlobalSection(SolutionProperties) = preSolution
		HideSolutionNode = FALSE
	EndGlobalSection
	GlobalSection(ExtensibilityGlobals) = postSolution
		SolutionGuid = {311CAF94-0626-4738-86DF-1343B30DFAC3}
	EndGlobalSection
EndGlobal
